
Microsoft Visual Studio Solution File, Format Version 12.00
# Visual Studio Version 17
VisualStudioVersion = 17.11.35303.130
MinimumVisualStudioVersion = 10.0.40219.1
Project("{FAE04EC0-301F-11D3-BF4B-00C04F79EFBC}") = "CatalogBackend.Api", "CatalogBackend.Api\CatalogBackend.Api.csproj", "{AF787F69-27EE-4A63-9B8D-B012A927D5ED}"
EndProject
Project("{FAE04EC0-301F-11D3-BF4B-00C04F79EFBC}") = "CatalogBackend.Tests", "CatalogBackend.Tests\CatalogBackend.Tests.csproj", "{B62450CA-57B7-4817-9532-5167140F97E0}"
EndProject
Global
	GlobalSection(SolutionConfigurationPlatforms) = preSolution
		Debug|Any CPU = Debug|Any CPU
		Release|Any CPU = Release|Any CPU
	EndGlobalSection
	GlobalSection(ProjectConfigurationPlatforms) = postSolution
		{AF787F69-27EE-4A63-9B8D-B012A927D5ED}.Debug|Any CPU.ActiveCfg = Debug|Any CPU
		{AF787F69-27EE-4A63-9B8D-B012A927D5ED}.Debug|Any CPU.Build.0 = Debug|Any CPU
		{AF787F69-27EE-4A63-9B8D-B012A927D5ED}.Release|Any CPU.ActiveCfg = Release|Any CPU
		{AF787F69-27EE-4A63-9B8D-B012A927D5ED}.Release|Any CPU.Build.0 = Release|Any CPU
		{B62450CA-57B7-4817-9532-5167140F97E0}.Debug|Any CPU.ActiveCfg = Debug|Any CPU
		{B62450CA-57B7-4817-9532-5167140F97E0}.Debug|Any CPU.Build.0 = Debug|Any CPU
		{B62450CA-57B7-4817-9532-5167140F97E0}.Release|Any CPU.ActiveCfg = Release|Any CPU
		{B62450CA-57B7-4817-9532-5167140F97E0}.Release|Any CPU.Build.0 = Release|Any CPU
	EndGlobalSection
	GlobalSection(SolutionProperties) = preSolution
		HideSolutionNode = FALSE
	EndGlobalSection
	GlobalSection(ExtensibilityGlobals) = postSolution
		SolutionGuid = {886F4715-EDA2-41EC-A7AB-50410A24C8D7}
	EndGlobalSection
EndGlobal
